
Microsoft Visual Studio Solution File, Format Version 12.00
# Visual Studio Version 17
VisualStudioVersion = 17.13.35806.99 d17.13
MinimumVisualStudioVersion = 10.0.40219.1
Project("{888888A0-9F3D-457C-B088-3A5042F75D52}") = "Практическая работа №7", "Практическая работа №7\Практическая работа №7.pyproj", "{98078DB9-3904-4535-A1F4-C78E8E4A9293}"
EndProject
Global
	GlobalSection(SolutionConfigurationPlatforms) = preSolution
		Debug|Any CPU = Debug|Any CPU
		Release|Any CPU = Release|Any CPU
	EndGlobalSection
	GlobalSection(ProjectConfigurationPlatforms) = postSolution
		{98078DB9-3904-4535-A1F4-C78E8E4A9293}.Debug|Any CPU.ActiveCfg = Debug|Any CPU
		{98078DB9-3904-4535-A1F4-C78E8E4A9293}.Release|Any CPU.ActiveCfg = Release|Any CPU
	EndGlobalSection
	GlobalSection(SolutionProperties) = preSolution
		HideSolutionNode = FALSE
	EndGlobalSection
	GlobalSection(ExtensibilityGlobals) = postSolution
		SolutionGuid = {1E848173-7C94-4519-BAD9-FD3B71B3420E}
	EndGlobalSection
EndGlobal
